
Microsoft Visual Studio Solution File, Format Version 12.00
# Visual Studio 14
VisualStudioVersion = 14.0.25420.1
MinimumVisualStudioVersion = 10.0.40219.1
Project("{FAE04EC0-301F-11D3-BF4B-00C04F79EFBC}") = "EricNee.EmailSender.Core", "EricNee.EmailSender.Core\EricNee.EmailSender.Core.csproj", "{78F230E1-4ECC-4F1F-B1CE-C7FE018242B4}"
EndProject
Project("{FAE04EC0-301F-11D3-BF4B-00C04F79EFBC}") = "EricNee.EmailSender.Business", "EricNee.EmailSender.Business\EricNee.EmailSender.Business.csproj", "{EE5A045A-8651-4CEB-907D-B50634D36600}"
EndProject
Project("{FAE04EC0-301F-11D3-BF4B-00C04F79EFBC}") = "EricNee.EmailSender.DataAccess", "EricNee.EmailSender.DataAccess\EricNee.EmailSender.DataAccess.csproj", "{811D7491-1992-4A74-8F4C-013A9DFE2F66}"
EndProject
Project("{FAE04EC0-301F-11D3-BF4B-00C04F79EFBC}") = "EricNee.EmailSender.WindowsService", "EricNee.EmailSender.WindowsService\EricNee.EmailSender.WindowsService.csproj", "{47C044BF-6E53-4621-9DE8-27F7FB168F35}"
EndProject
Project("{FAE04EC0-301F-11D3-BF4B-00C04F79EFBC}") = "EricNee.EmailSender.Test", "EricNee.EmailSender.Test\EricNee.EmailSender.Test.csproj", "{50A62716-0AC6-4E4A-BC36-3CFC895EBC2E}"
EndProject
Project("{FAE04EC0-301F-11D3-BF4B-00C04F79EFBC}") = "EricNee.EmailSender.IService", "EricNee.EmailSender.IService\EricNee.EmailSender.IService.csproj", "{C8743133-350F-48E5-9CDF-28CBF923FAEC}"
EndProject
Project("{FAE04EC0-301F-11D3-BF4B-00C04F79EFBC}") = "EricNee.EmailSender.Service", "EricNee.EmailSender.Service\EricNee.EmailSender.Service.csproj", "{8F3AFDFD-C18D-4678-A274-3D2BA3268223}"
EndProject
Project("{2150E333-8FDC-42A3-9474-1A3956D46DE8}") = "Solution Items", "Solution Items", "{17505CF4-D33F-425A-B447-1FBD2742879F}"
	ProjectSection(SolutionItems) = preProject
		key.snk = key.snk
	EndProjectSection
EndProject
Project("{FAE04EC0-301F-11D3-BF4B-00C04F79EFBC}") = "EricNee.EmailSender.Server.ConsoleApplication", "EricNee.EmailSender.Server.ConsoleApplication\EricNee.EmailSender.Server.ConsoleApplication.csproj", "{88F31815-A60D-4925-AEC8-6E2E9BCA6AE3}"
EndProject
Project("{FAE04EC0-301F-11D3-BF4B-00C04F79EFBC}") = "EricNee.EmailSender.Server.AspNetWebForm", "EricNee.EmailSender.Server.AspNetWebForm\EricNee.EmailSender.Server.AspNetWebForm.csproj", "{75869370-BADE-483C-AABE-5E22C8C383F4}"
EndProject
Global
	GlobalSection(SolutionConfigurationPlatforms) = preSolution
		Debug|Any CPU = Debug|Any CPU
		Release|Any CPU = Release|Any CPU
		SIT|Any CPU = SIT|Any CPU
	EndGlobalSection
	GlobalSection(ProjectConfigurationPlatforms) = postSolution
		{78F230E1-4ECC-4F1F-B1CE-C7FE018242B4}.Debug|Any CPU.ActiveCfg = Debug|Any CPU
		{78F230E1-4ECC-4F1F-B1CE-C7FE018242B4}.Debug|Any CPU.Build.0 = Debug|Any CPU
		{78F230E1-4ECC-4F1F-B1CE-C7FE018242B4}.Release|Any CPU.ActiveCfg = Release|Any CPU
		{78F230E1-4ECC-4F1F-B1CE-C7FE018242B4}.Release|Any CPU.Build.0 = Release|Any CPU
		{78F230E1-4ECC-4F1F-B1CE-C7FE018242B4}.SIT|Any CPU.ActiveCfg = SIT|Any CPU
		{78F230E1-4ECC-4F1F-B1CE-C7FE018242B4}.SIT|Any CPU.Build.0 = SIT|Any CPU
		{EE5A045A-8651-4CEB-907D-B50634D36600}.Debug|Any CPU.ActiveCfg = Debug|Any CPU
		{EE5A045A-8651-4CEB-907D-B50634D36600}.Debug|Any CPU.Build.0 = Debug|Any CPU
		{EE5A045A-8651-4CEB-907D-B50634D36600}.Release|Any CPU.ActiveCfg = Release|Any CPU
		{EE5A045A-8651-4CEB-907D-B50634D36600}.Release|Any CPU.Build.0 = Release|Any CPU
		{EE5A045A-8651-4CEB-907D-B50634D36600}.SIT|Any CPU.ActiveCfg = SIT|Any CPU
		{EE5A045A-8651-4CEB-907D-B50634D36600}.SIT|Any CPU.Build.0 = SIT|Any CPU
		{811D7491-1992-4A74-8F4C-013A9DFE2F66}.Debug|Any CPU.ActiveCfg = Debug|Any CPU
		{811D7491-1992-4A74-8F4C-013A9DFE2F66}.Debug|Any CPU.Build.0 = Debug|Any CPU
		{811D7491-1992-4A74-8F4C-013A9DFE2F66}.Release|Any CPU.ActiveCfg = Release|Any CPU
		{811D7491-1992-4A74-8F4C-013A9DFE2F66}.Release|Any CPU.Build.0 = Release|Any CPU
		{811D7491-1992-4A74-8F4C-013A9DFE2F66}.SIT|Any CPU.ActiveCfg = SIT|Any CPU
		{811D7491-1992-4A74-8F4C-013A9DFE2F66}.SIT|Any CPU.Build.0 = SIT|Any CPU
		{47C044BF-6E53-4621-9DE8-27F7FB168F35}.Debug|Any CPU.ActiveCfg = Debug|Any CPU
		{47C044BF-6E53-4621-9DE8-27F7FB168F35}.Debug|Any CPU.Build.0 = Debug|Any CPU
		{47C044BF-6E53-4621-9DE8-27F7FB168F35}.Release|Any CPU.ActiveCfg = Release|Any CPU
		{47C044BF-6E53-4621-9DE8-27F7FB168F35}.Release|Any CPU.Build.0 = Release|Any CPU
		{47C044BF-6E53-4621-9DE8-27F7FB168F35}.SIT|Any CPU.ActiveCfg = SIT|Any CPU
		{47C044BF-6E53-4621-9DE8-27F7FB168F35}.SIT|Any CPU.Build.0 = SIT|Any CPU
		{50A62716-0AC6-4E4A-BC36-3CFC895EBC2E}.Debug|Any CPU.ActiveCfg = Debug|Any CPU
		{50A62716-0AC6-4E4A-BC36-3CFC895EBC2E}.Debug|Any CPU.Build.0 = Debug|Any CPU
		{50A62716-0AC6-4E4A-BC36-3CFC895EBC2E}.Release|Any CPU.ActiveCfg = Release|Any CPU
		{50A62716-0AC6-4E4A-BC36-3CFC895EBC2E}.Release|Any CPU.Build.0 = Release|Any CPU
		{50A62716-0AC6-4E4A-BC36-3CFC895EBC2E}.SIT|Any CPU.ActiveCfg = SIT|Any CPU
		{50A62716-0AC6-4E4A-BC36-3CFC895EBC2E}.SIT|Any CPU.Build.0 = SIT|Any CPU
		{C8743133-350F-48E5-9CDF-28CBF923FAEC}.Debug|Any CPU.ActiveCfg = Debug|Any CPU
		{C8743133-350F-48E5-9CDF-28CBF923FAEC}.Debug|Any CPU.Build.0 = Debug|Any CPU
		{C8743133-350F-48E5-9CDF-28CBF923FAEC}.Release|Any CPU.ActiveCfg = Release|Any CPU
		{C8743133-350F-48E5-9CDF-28CBF923FAEC}.Release|Any CPU.Build.0 = Release|Any CPU
		{C8743133-350F-48E5-9CDF-28CBF923FAEC}.SIT|Any CPU.ActiveCfg = SIT|Any CPU
		{C8743133-350F-48E5-9CDF-28CBF923FAEC}.SIT|Any CPU.Build.0 = SIT|Any CPU
		{8F3AFDFD-C18D-4678-A274-3D2BA3268223}.Debug|Any CPU.ActiveCfg = Debug|Any CPU
		{8F3AFDFD-C18D-4678-A274-3D2BA3268223}.Debug|Any CPU.Build.0 = Debug|Any CPU
		{8F3AFDFD-C18D-4678-A274-3D2BA3268223}.Release|Any CPU.ActiveCfg = Release|Any CPU
		{8F3AFDFD-C18D-4678-A274-3D2BA3268223}.Release|Any CPU.Build.0 = Release|Any CPU
		{8F3AFDFD-C18D-4678-A274-3D2BA3268223}.SIT|Any CPU.ActiveCfg = SIT|Any CPU
		{8F3AFDFD-C18D-4678-A274-3D2BA3268223}.SIT|Any CPU.Build.0 = SIT|Any CPU
		{88F31815-A60D-4925-AEC8-6E2E9BCA6AE3}.Debug|Any CPU.ActiveCfg = Debug|Any CPU
		{88F31815-A60D-4925-AEC8-6E2E9BCA6AE3}.Debug|Any CPU.Build.0 = Debug|Any CPU
		{88F31815-A60D-4925-AEC8-6E2E9BCA6AE3}.Release|Any CPU.ActiveCfg = Release|Any CPU
		{88F31815-A60D-4925-AEC8-6E2E9BCA6AE3}.Release|Any CPU.Build.0 = Release|Any CPU
		{88F31815-A60D-4925-AEC8-6E2E9BCA6AE3}.SIT|Any CPU.ActiveCfg = Release|Any CPU
		{88F31815-A60D-4925-AEC8-6E2E9BCA6AE3}.SIT|Any CPU.Build.0 = Release|Any CPU
		{75869370-BADE-483C-AABE-5E22C8C383F4}.Debug|Any CPU.ActiveCfg = Debug|Any CPU
		{75869370-BADE-483C-AABE-5E22C8C383F4}.Debug|Any CPU.Build.0 = Debug|Any CPU
		{75869370-BADE-483C-AABE-5E22C8C383F4}.Release|Any CPU.ActiveCfg = Release|Any CPU
		{75869370-BADE-483C-AABE-5E22C8C383F4}.Release|Any CPU.Build.0 = Release|Any CPU
		{75869370-BADE-483C-AABE-5E22C8C383F4}.SIT|Any CPU.ActiveCfg = Release|Any CPU
		{75869370-BADE-483C-AABE-5E22C8C383F4}.SIT|Any CPU.Build.0 = Release|Any CPU
	EndGlobalSection
	GlobalSection(SolutionProperties) = preSolution
		HideSolutionNode = FALSE
	EndGlobalSection
	GlobalSection(ExtensibilityGlobals) = postSolution
		EnterpriseLibraryConfigurationToolBinariesPath = packages\Unity.2.1.505.0\lib\NET35;packages\Unity.Interception.2.1.505.0\lib\NET35;packages\EnterpriseLibrary.Common.5.0.505.0\lib\NET35;packages\EnterpriseLibrary.Data.5.0.505.0\lib\NET35
	EndGlobalSection
EndGlobal
